
Microsoft Visual Studio Solution File, Format Version 12.00
# Visual Studio Version 16
VisualStudioVersion = 16.0.31005.135
MinimumVisualStudioVersion = 10.0.40219.1
Project("{FAE04EC0-301F-11D3-BF4B-00C04F79EFBC}") = "FareCal", "FareCal\FareCal.csproj", "{62EC86D0-95CD-4D0C-8880-9577733D3845}"
EndProject
Global
	GlobalSection(SolutionConfigurationPlatforms) = preSolution
		Debug|Any CPU = Debug|Any CPU
		Release|Any CPU = Release|Any CPU
	EndGlobalSection
	GlobalSection(ProjectConfigurationPlatforms) = postSolution
		{62EC86D0-95CD-4D0C-8880-9577733D3845}.Debug|Any CPU.ActiveCfg = Debug|Any CPU
		{62EC86D0-95CD-4D0C-8880-9577733D3845}.Debug|Any CPU.Build.0 = Debug|Any CPU
		{62EC86D0-95CD-4D0C-8880-9577733D3845}.Release|Any CPU.ActiveCfg = Release|Any CPU
		{62EC86D0-95CD-4D0C-8880-9577733D3845}.Release|Any CPU.Build.0 = Release|Any CPU
	EndGlobalSection
	GlobalSection(SolutionProperties) = preSolution
		HideSolutionNode = FALSE
	EndGlobalSection
	GlobalSection(ExtensibilityGlobals) = postSolution
		SolutionGuid = {C8A84608-CD8F-4154-BA3E-CB6DA0AA4C9D}
	EndGlobalSection
EndGlobal
